
Microsoft Visual Studio Solution File, Format Version 12.00
# Visual Studio Version 17
VisualStudioVersion = 17.0.32126.317
MinimumVisualStudioVersion = 10.0.40219.1
Project("{FAE04EC0-301F-11D3-BF4B-00C04F79EFBC}") = "CST-150_Milestone2", "CST-150_Milestone2\CST-150_Milestone2.csproj", "{7342A343-DBFB-49BE-A48A-16381E33BA3F}"
EndProject
Global
	GlobalSection(SolutionConfigurationPlatforms) = preSolution
		Debug|Any CPU = Debug|Any CPU
		Release|Any CPU = Release|Any CPU
	EndGlobalSection
	GlobalSection(ProjectConfigurationPlatforms) = postSolution
		{7342A343-DBFB-49BE-A48A-16381E33BA3F}.Debug|Any CPU.ActiveCfg = Debug|Any CPU
		{7342A343-DBFB-49BE-A48A-16381E33BA3F}.Debug|Any CPU.Build.0 = Debug|Any CPU
		{7342A343-DBFB-49BE-A48A-16381E33BA3F}.Release|Any CPU.ActiveCfg = Release|Any CPU
		{7342A343-DBFB-49BE-A48A-16381E33BA3F}.Release|Any CPU.Build.0 = Release|Any CPU
	EndGlobalSection
	GlobalSection(SolutionProperties) = preSolution
		HideSolutionNode = FALSE
	EndGlobalSection
	GlobalSection(ExtensibilityGlobals) = postSolution
		SolutionGuid = {BBDC58D7-2A59-4B1C-8A52-F854D2FCB0B3}
	EndGlobalSection
EndGlobal
